// !$*UTF8*$!
{
	archiveVersion = 1;
	classes = {
	};
	objectVersion = 46;
	objects = {

/* Begin PBXBuildFile section */
		660A3DB216E724ED00469EE8 /* InfoScreen.m in Sources */ = {isa = PBXBuildFile; fileRef = 660A3DB116E724ED00469EE8 /* InfoScreen.m */; };
		660A3DB516E72D3500469EE8 /* SettingsScreen.m in Sources */ = {isa = PBXBuildFile; fileRef = 660A3DB416E72D3500469EE8 /* SettingsScreen.m */; };
		66820DDA1749A4B10079A33E /* clock.png in Resources */ = {isa = PBXBuildFile; fileRef = 66820DD91749A4B10079A33E /* clock.png */; };
		669024D116E889BE009C4B19 /* QuartzCore.framework in Frameworks */ = {isa = PBXBuildFile; fileRef = 669024D016E889BE009C4B19 /* QuartzCore.framework */; };
		66E328BC16E9C74500E54B55 /* blackGradient.png in Resources */ = {isa = PBXBuildFile; fileRef = 66E328BB16E9C74500E54B55 /* blackGradient.png */; };
		66E328C016E9D2D300E54B55 /* table.png in Resources */ = {isa = PBXBuildFile; fileRef = 66E328BF16E9D2D300E54B55 /* table.png */; };
		66ED176216D6F3E2005BEC93 /* UIKit.framework in Frameworks */ = {isa = PBXBuildFile; fileRef = 66ED176116D6F3E2005BEC93 /* UIKit.framework */; };
		66ED176416D6F3E2005BEC93 /* Foundation.framework in Frameworks */ = {isa = PBXBuildFile; fileRef = 66ED176316D6F3E2005BEC93 /* Foundation.framework */; };
		66ED176616D6F3E2005BEC93 /* CoreGraphics.framework in Frameworks */ = {isa = PBXBuildFile; fileRef = 66ED176516D6F3E2005BEC93 /* CoreGraphics.framework */; };
		66ED176C16D6F3E2005BEC93 /* InfoPlist.strings in Resources */ = {isa = PBXBuildFile; fileRef = 66ED176A16D6F3E2005BEC93 /* InfoPlist.strings */; };
		66ED176E16D6F3E2005BEC93 /* main.m in Sources */ = {isa = PBXBuildFile; fileRef = 66ED176D16D6F3E2005BEC93 /* main.m */; };
		66ED177216D6F3E2005BEC93 /* AppDelegate.m in Sources */ = {isa = PBXBuildFile; fileRef = 66ED177116D6F3E2005BEC93 /* AppDelegate.m */; };
		66ED177B16D6F3E2005BEC93 /* MainStoryboard.storyboard in Resources */ = {isa = PBXBuildFile; fileRef = 66ED177916D6F3E2005BEC93 /* MainStoryboard.storyboard */; };
		66ED177E16D6F3E2005BEC93 /* PlayScreen.m in Sources */ = {isa = PBXBuildFile; fileRef = 66ED177D16D6F3E2005BEC93 /* PlayScreen.m */; };
		66ED178616D6F3E3005BEC93 /* SenTestingKit.framework in Frameworks */ = {isa = PBXBuildFile; fileRef = 66ED178516D6F3E3005BEC93 /* SenTestingKit.framework */; };
		66ED178716D6F3E3005BEC93 /* UIKit.framework in Frameworks */ = {isa = PBXBuildFile; fileRef = 66ED176116D6F3E2005BEC93 /* UIKit.framework */; };
		66ED178816D6F3E3005BEC93 /* Foundation.framework in Frameworks */ = {isa = PBXBuildFile; fileRef = 66ED176316D6F3E2005BEC93 /* Foundation.framework */; };
		66ED179016D6F3E3005BEC93 /* InfoPlist.strings in Resources */ = {isa = PBXBuildFile; fileRef = 66ED178E16D6F3E3005BEC93 /* InfoPlist.strings */; };
		66ED179316D6F3E3005BEC93 /* svtestTests.m in Sources */ = {isa = PBXBuildFile; fileRef = 66ED179216D6F3E3005BEC93 /* svtestTests.m */; };
		66F4488A17434E4200A4EA85 /* poker.png in Resources */ = {isa = PBXBuildFile; fileRef = 66F4488917434E4200A4EA85 /* poker.png */; };
		66F4488C17434FB700A4EA85 /* info.png in Resources */ = {isa = PBXBuildFile; fileRef = 66F4488B17434FB700A4EA85 /* info.png */; };
		66FF10DF16EDACE800D01DBB /* suitstrans4.png in Resources */ = {isa = PBXBuildFile; fileRef = 66FF10DE16EDACE800D01DBB /* suitstrans4.png */; };
		66FF10E116EDB4D700D01DBB /* rapidCountTitle.png in Resources */ = {isa = PBXBuildFile; fileRef = 66FF10E016EDB4D700D01DBB /* rapidCountTitle.png */; };
		66FF10E316EDB98F00D01DBB /* icon114.png in Resources */ = {isa = PBXBuildFile; fileRef = 66FF10E216EDB98F00D01DBB /* icon114.png */; };
		66FF10E516EDB99200D01DBB /* icon57.png in Resources */ = {isa = PBXBuildFile; fileRef = 66FF10E416EDB99200D01DBB /* icon57.png */; };
		66FF10E716EDC92D00D01DBB /* Default.png in Resources */ = {isa = PBXBuildFile; fileRef = 66FF10E616EDC92D00D01DBB /* Default.png */; };
		66FF10E916EDC94400D01DBB /* Default@2x.png in Resources */ = {isa = PBXBuildFile; fileRef = 66FF10E816EDC94400D01DBB /* Default@2x.png */; };
		66FF10EB16EDC95800D01DBB /* Default-568h@2x.png in Resources */ = {isa = PBXBuildFile; fileRef = 66FF10EA16EDC95800D01DBB /* Default-568h@2x.png */; };
		DC8528151752C98700AE1B02 /* 10_of_clubs.png in Resources */ = {isa = PBXBuildFile; fileRef = DC8527E11752C98700AE1B02 /* 10_of_clubs.png */; };
		DC8528161752C98700AE1B02 /* 10_of_diamonds.png in Resources */ = {isa = PBXBuildFile; fileRef = DC8527E21752C98700AE1B02 /* 10_of_diamonds.png */; };
		DC8528171752C98700AE1B02 /* 10_of_hearts.png in Resources */ = {isa = PBXBuildFile; fileRef = DC8527E31752C98700AE1B02 /* 10_of_hearts.png */; };
		DC8528181752C98700AE1B02 /* 10_of_spades.png in Resources */ = {isa = PBXBuildFile; fileRef = DC8527E41752C98700AE1B02 /* 10_of_spades.png */; };
		DC8528191752C98700AE1B02 /* 2_of_clubs.png in Resources */ = {isa = PBXBuildFile; fileRef = DC8527E51752C98700AE1B02 /* 2_of_clubs.png */; };
		DC85281A1752C98700AE1B02 /* 2_of_diamonds.png in Resources */ = {isa = PBXBuildFile; fileRef = DC8527E61752C98700AE1B02 /* 2_of_diamonds.png */; };
		DC85281B1752C98700AE1B02 /* 2_of_hearts.png in Resources */ = {isa = PBXBuildFile; fileRef = DC8527E71752C98700AE1B02 /* 2_of_hearts.png */; };
		DC85281C1752C98700AE1B02 /* 2_of_spades.png in Resources */ = {isa = PBXBuildFile; fileRef = DC8527E81752C98700AE1B02 /* 2_of_spades.png */; };
		DC85281D1752C98700AE1B02 /* 3_of_clubs.png in Resources */ = {isa = PBXBuildFile; fileRef = DC8527E91752C98700AE1B02 /* 3_of_clubs.png */; };
		DC85281E1752C98700AE1B02 /* 3_of_diamonds.png in Resources */ = {isa = PBXBuildFile; fileRef = DC8527EA1752C98700AE1B02 /* 3_of_diamonds.png */; };
		DC85281F1752C98700AE1B02 /* 3_of_hearts.png in Resources */ = {isa = PBXBuildFile; fileRef = DC8527EB1752C98700AE1B02 /* 3_of_hearts.png */; };
		DC8528201752C98700AE1B02 /* 3_of_spades.png in Resources */ = {isa = PBXBuildFile; fileRef = DC8527EC1752C98700AE1B02 /* 3_of_spades.png */; };
		DC8528211752C98700AE1B02 /* 4_of_clubs.png in Resources */ = {isa = PBXBuildFile; fileRef = DC8527ED1752C98700AE1B02 /* 4_of_clubs.png */; };
		DC8528221752C98700AE1B02 /* 4_of_diamonds.png in Resources */ = {isa = PBXBuildFile; fileRef = DC8527EE1752C98700AE1B02 /* 4_of_diamonds.png */; };
		DC8528231752C98700AE1B02 /* 4_of_hearts.png in Resources */ = {isa = PBXBuildFile; fileRef = DC8527EF1752C98700AE1B02 /* 4_of_hearts.png */; };
		DC8528241752C98700AE1B02 /* 4_of_spades.png in Resources */ = {isa = PBXBuildFile; fileRef = DC8527F01752C98700AE1B02 /* 4_of_spades.png */; };
		DC8528251752C98700AE1B02 /* 5_of_clubs.png in Resources */ = {isa = PBXBuildFile; fileRef = DC8527F11752C98700AE1B02 /* 5_of_clubs.png */; };
		DC8528261752C98700AE1B02 /* 5_of_diamonds.png in Resources */ = {isa = PBXBuildFile; fileRef = DC8527F21752C98700AE1B02 /* 5_of_diamonds.png */; };
		DC8528271752C98700AE1B02 /* 5_of_hearts.png in Resources */ = {isa = PBXBuildFile; fileRef = DC8527F31752C98700AE1B02 /* 5_of_hearts.png */; };
		DC8528281752C98700AE1B02 /* 5_of_spades.png in Resources */ = {isa = PBXBuildFile; fileRef = DC8527F41752C98700AE1B02 /* 5_of_spades.png */; };
		DC8528291752C98700AE1B02 /* 6_of_clubs.png in Resources */ = {isa = PBXBuildFile; fileRef = DC8527F51752C98700AE1B02 /* 6_of_clubs.png */; };
		DC85282A1752C98700AE1B02 /* 6_of_diamonds.png in Resources */ = {isa = PBXBuildFile; fileRef = DC8527F61752C98700AE1B02 /* 6_of_diamonds.png */; };
		DC85282B1752C98700AE1B02 /* 6_of_hearts.png in Resources */ = {isa = PBXBuildFile; fileRef = DC8527F71752C98700AE1B02 /* 6_of_hearts.png */; };
		DC85282C1752C98700AE1B02 /* 6_of_spades.png in Resources */ = {isa = PBXBuildFile; fileRef = DC8527F81752C98700AE1B02 /* 6_of_spades.png */; };
		DC85282D1752C98700AE1B02 /* 7_of_clubs.png in Resources */ = {isa = PBXBuildFile; fileRef = DC8527F91752C98700AE1B02 /* 7_of_clubs.png */; };
		DC85282E1752C98700AE1B02 /* 7_of_diamonds.png in Resources */ = {isa = PBXBuildFile; fileRef = DC8527FA1752C98700AE1B02 /* 7_of_diamonds.png */; };
		DC85282F1752C98700AE1B02 /* 7_of_hearts.png in Resources */ = {isa = PBXBuildFile; fileRef = DC8527FB1752C98700AE1B02 /* 7_of_hearts.png */; };
		DC8528301752C98700AE1B02 /* 7_of_spades.png in Resources */ = {isa = PBXBuildFile; fileRef = DC8527FC1752C98700AE1B02 /* 7_of_spades.png */; };
		DC8528311752C98700AE1B02 /* 8_of_clubs.png in Resources */ = {isa = PBXBuildFile; fileRef = DC8527FD1752C98700AE1B02 /* 8_of_clubs.png */; };
		DC8528321752C98700AE1B02 /* 8_of_diamonds.png in Resources */ = {isa = PBXBuildFile; fileRef = DC8527FE1752C98700AE1B02 /* 8_of_diamonds.png */; };
		DC8528331752C98700AE1B02 /* 8_of_hearts.png in Resources */ = {isa = PBXBuildFile; fileRef = DC8527FF1752C98700AE1B02 /* 8_of_hearts.png */; };
		DC8528341752C98700AE1B02 /* 8_of_spades.png in Resources */ = {isa = PBXBuildFile; fileRef = DC8528001752C98700AE1B02 /* 8_of_spades.png */; };
		DC8528351752C98700AE1B02 /* 9_of_clubs.png in Resources */ = {isa = PBXBuildFile; fileRef = DC8528011752C98700AE1B02 /* 9_of_clubs.png */; };
		DC8528361752C98700AE1B02 /* 9_of_diamonds.png in Resources */ = {isa = PBXBuildFile; fileRef = DC8528021752C98700AE1B02 /* 9_of_diamonds.png */; };
		DC8528371752C98700AE1B02 /* 9_of_hearts.png in Resources */ = {isa = PBXBuildFile; fileRef = DC8528031752C98700AE1B02 /* 9_of_hearts.png */; };
		DC8528381752C98700AE1B02 /* 9_of_spades.png in Resources */ = {isa = PBXBuildFile; fileRef = DC8528041752C98700AE1B02 /* 9_of_spades.png */; };
		DC8528391752C98700AE1B02 /* ace_of_clubs.png in Resources */ = {isa = PBXBuildFile; fileRef = DC8528051752C98700AE1B02 /* ace_of_clubs.png */; };
		DC85283A1752C98700AE1B02 /* ace_of_diamonds.png in Resources */ = {isa = PBXBuildFile; fileRef = DC8528061752C98700AE1B02 /* ace_of_diamonds.png */; };
		DC85283B1752C98700AE1B02 /* ace_of_hearts.png in Resources */ = {isa = PBXBuildFile; fileRef = DC8528071752C98700AE1B02 /* ace_of_hearts.png */; };
		DC85283C1752C98700AE1B02 /* ace_of_spades.png in Resources */ = {isa = PBXBuildFile; fileRef = DC8528081752C98700AE1B02 /* ace_of_spades.png */; };
		DC85283D1752C98700AE1B02 /* jack_of_clubs.png in Resources */ = {isa = PBXBuildFile; fileRef = DC8528091752C98700AE1B02 /* jack_of_clubs.png */; };
		DC85283E1752C98700AE1B02 /* jack_of_diamonds.png in Resources */ = {isa = PBXBuildFile; fileRef = DC85280A1752C98700AE1B02 /* jack_of_diamonds.png */; };
		DC85283F1752C98700AE1B02 /* jack_of_hearts.png in Resources */ = {isa = PBXBuildFile; fileRef = DC85280B1752C98700AE1B02 /* jack_of_hearts.png */; };
		DC8528401752C98700AE1B02 /* jack_of_spades.png in Resources */ = {isa = PBXBuildFile; fileRef = DC85280C1752C98700AE1B02 /* jack_of_spades.png */; };
		DC8528411752C98700AE1B02 /* king_of_clubs.png in Resources */ = {isa = PBXBuildFile; fileRef = DC85280D1752C98700AE1B02 /* king_of_clubs.png */; };
		DC8528421752C98700AE1B02 /* king_of_diamonds.png in Resources */ = {isa = PBXBuildFile; fileRef = DC85280E1752C98700AE1B02 /* king_of_diamonds.png */; };
		DC8528431752C98700AE1B02 /* king_of_hearts.png in Resources */ = {isa = PBXBuildFile; fileRef = DC85280F1752C98700AE1B02 /* king_of_hearts.png */; };
		DC8528441752C98700AE1B02 /* king_of_spades.png in Resources */ = {isa = PBXBuildFile; fileRef = DC8528101752C98700AE1B02 /* king_of_spades.png */; };
		DC8528451752C98700AE1B02 /* queen_of_clubs.png in Resources */ = {isa = PBXBuildFile; fileRef = DC8528111752C98700AE1B02 /* queen_of_clubs.png */; };
		DC8528461752C98700AE1B02 /* queen_of_diamonds.png in Resources */ = {isa = PBXBuildFile; fileRef = DC8528121752C98700AE1B02 /* queen_of_diamonds.png */; };
		DC8528471752C98700AE1B02 /* queen_of_hearts.png in Resources */ = {isa = PBXBuildFile; fileRef = DC8528131752C98700AE1B02 /* queen_of_hearts.png */; };
		DC8528481752C98700AE1B02 /* queen_of_spades.png in Resources */ = {isa = PBXBuildFile; fileRef = DC8528141752C98700AE1B02 /* queen_of_spades.png */; };
/* End PBXBuildFile section */

/* Begin PBXContainerItemProxy section */
		66ED178916D6F3E3005BEC93 /* PBXContainerItemProxy */ = {
			isa = PBXContainerItemProxy;
			containerPortal = 66ED175616D6F3E1005BEC93 /* Project object */;
			proxyType = 1;
			remoteGlobalIDString = 66ED175D16D6F3E1005BEC93;
			remoteInfo = svtest;
		};
/* End PBXContainerItemProxy section */

/* Begin PBXFileReference section */
		660A3DB016E724ED00469EE8 /* InfoScreen.h */ = {isa = PBXFileReference; fileEncoding = 4; lastKnownFileType = sourcecode.c.h; path = InfoScreen.h; sourceTree = "<group>"; };
		660A3DB116E724ED00469EE8 /* InfoScreen.m */ = {isa = PBXFileReference; fileEncoding = 4; lastKnownFileType = sourcecode.c.objc; path = InfoScreen.m; sourceTree = "<group>"; };
		660A3DB316E72D3500469EE8 /* SettingsScreen.h */ = {isa = PBXFileReference; fileEncoding = 4; lastKnownFileType = sourcecode.c.h; path = SettingsScreen.h; sourceTree = "<group>"; };
		660A3DB416E72D3500469EE8 /* SettingsScreen.m */ = {isa = PBXFileReference; fileEncoding = 4; lastKnownFileType = sourcecode.c.objc; path = SettingsScreen.m; sourceTree = "<group>"; };
		66820DD91749A4B10079A33E /* clock.png */ = {isa = PBXFileReference; lastKnownFileType = image.png; path = clock.png; sourceTree = "<group>"; };
		669024D016E889BE009C4B19 /* QuartzCore.framework */ = {isa = PBXFileReference; lastKnownFileType = wrapper.framework; name = QuartzCore.framework; path = System/Library/Frameworks/QuartzCore.framework; sourceTree = SDKROOT; };
		66E328BB16E9C74500E54B55 /* blackGradient.png */ = {isa = PBXFileReference; lastKnownFileType = image.png; name = blackGradient.png; path = ../blackGradient.png; sourceTree = "<group>"; };
		66E328BF16E9D2D300E54B55 /* table.png */ = {isa = PBXFileReference; lastKnownFileType = image.png; name = table.png; path = ../table.png; sourceTree = "<group>"; };
		66ED175E16D6F3E1005BEC93 /* Rapid Count.app */ = {isa = PBXFileReference; explicitFileType = wrapper.application; includeInIndex = 0; path = "Rapid Count.app"; sourceTree = BUILT_PRODUCTS_DIR; };
		66ED176116D6F3E2005BEC93 /* UIKit.framework */ = {isa = PBXFileReference; lastKnownFileType = wrapper.framework; name = UIKit.framework; path = System/Library/Frameworks/UIKit.framework; sourceTree = SDKROOT; };
		66ED176316D6F3E2005BEC93 /* Foundation.framework */ = {isa = PBXFileReference; lastKnownFileType = wrapper.framework; name = Foundation.framework; path = System/Library/Frameworks/Foundation.framework; sourceTree = SDKROOT; };
		66ED176516D6F3E2005BEC93 /* CoreGraphics.framework */ = {isa = PBXFileReference; lastKnownFileType = wrapper.framework; name = CoreGraphics.framework; path = System/Library/Frameworks/CoreGraphics.framework; sourceTree = SDKROOT; };
		66ED176916D6F3E2005BEC93 /* svtest-Info.plist */ = {isa = PBXFileReference; lastKnownFileType = text.plist.xml; path = "svtest-Info.plist"; sourceTree = "<group>"; };
		66ED176B16D6F3E2005BEC93 /* en */ = {isa = PBXFileReference; lastKnownFileType = text.plist.strings; name = en; path = en.lproj/InfoPlist.strings; sourceTree = "<group>"; };
		66ED176D16D6F3E2005BEC93 /* main.m */ = {isa = PBXFileReference; lastKnownFileType = sourcecode.c.objc; path = main.m; sourceTree = "<group>"; };
		66ED176F16D6F3E2005BEC93 /* svtest-Prefix.pch */ = {isa = PBXFileReference; lastKnownFileType = sourcecode.c.h; path = "svtest-Prefix.pch"; sourceTree = "<group>"; };
		66ED177016D6F3E2005BEC93 /* AppDelegate.h */ = {isa = PBXFileReference; lastKnownFileType = sourcecode.c.h; path = AppDelegate.h; sourceTree = "<group>"; };
		66ED177116D6F3E2005BEC93 /* AppDelegate.m */ = {isa = PBXFileReference; lastKnownFileType = sourcecode.c.objc; path = AppDelegate.m; sourceTree = "<group>"; };
		66ED177A16D6F3E2005BEC93 /* en */ = {isa = PBXFileReference; lastKnownFileType = file.storyboard; name = en; path = en.lproj/MainStoryboard.storyboard; sourceTree = "<group>"; };
		66ED177C16D6F3E2005BEC93 /* PlayScreen.h */ = {isa = PBXFileReference; lastKnownFileType = sourcecode.c.h; path = PlayScreen.h; sourceTree = "<group>"; };
		66ED177D16D6F3E2005BEC93 /* PlayScreen.m */ = {isa = PBXFileReference; lastKnownFileType = sourcecode.c.objc; path = PlayScreen.m; sourceTree = "<group>"; };
		66ED178416D6F3E3005BEC93 /* svtestTests.octest */ = {isa = PBXFileReference; explicitFileType = wrapper.cfbundle; includeInIndex = 0; path = svtestTests.octest; sourceTree = BUILT_PRODUCTS_DIR; };
		66ED178516D6F3E3005BEC93 /* SenTestingKit.framework */ = {isa = PBXFileReference; lastKnownFileType = wrapper.framework; name = SenTestingKit.framework; path = Library/Frameworks/SenTestingKit.framework; sourceTree = DEVELOPER_DIR; };
		66ED178D16D6F3E3005BEC93 /* svtestTests-Info.plist */ = {isa = PBXFileReference; lastKnownFileType = text.plist.xml; path = "svtestTests-Info.plist"; sourceTree = "<group>"; };
		66ED178F16D6F3E3005BEC93 /* en */ = {isa = PBXFileReference; lastKnownFileType = text.plist.strings; name = en; path = en.lproj/InfoPlist.strings; sourceTree = "<group>"; };
		66ED179116D6F3E3005BEC93 /* svtestTests.h */ = {isa = PBXFileReference; lastKnownFileType = sourcecode.c.h; path = svtestTests.h; sourceTree = "<group>"; };
		66ED179216D6F3E3005BEC93 /* svtestTests.m */ = {isa = PBXFileReference; lastKnownFileType = sourcecode.c.objc; path = svtestTests.m; sourceTree = "<group>"; };
		66F4488917434E4200A4EA85 /* poker.png */ = {isa = PBXFileReference; lastKnownFileType = image.png; path = poker.png; sourceTree = "<group>"; };
		66F4488B17434FB700A4EA85 /* info.png */ = {isa = PBXFileReference; lastKnownFileType = image.png; path = info.png; sourceTree = "<group>"; };
		66FF10DE16EDACE800D01DBB /* suitstrans4.png */ = {isa = PBXFileReference; lastKnownFileType = image.png; name = suitstrans4.png; path = ../suitstrans4.png; sourceTree = "<group>"; };
		66FF10E016EDB4D700D01DBB /* rapidCountTitle.png */ = {isa = PBXFileReference; lastKnownFileType = image.png; name = rapidCountTitle.png; path = ../rapidCountTitle.png; sourceTree = "<group>"; };
		66FF10E216EDB98F00D01DBB /* icon114.png */ = {isa = PBXFileReference; lastKnownFileType = image.png; name = icon114.png; path = ../icon114.png; sourceTree = "<group>"; };
		66FF10E416EDB99200D01DBB /* icon57.png */ = {isa = PBXFileReference; lastKnownFileType = image.png; name = icon57.png; path = ../icon57.png; sourceTree = "<group>"; };
		66FF10E616EDC92D00D01DBB /* Default.png */ = {isa = PBXFileReference; lastKnownFileType = image.png; path = Default.png; sourceTree = "<group>"; };
		66FF10E816EDC94400D01DBB /* Default@2x.png */ = {isa = PBXFileReference; lastKnownFileType = image.png; path = "Default@2x.png"; sourceTree = "<group>"; };
		66FF10EA16EDC95800D01DBB /* Default-568h@2x.png */ = {isa = PBXFileReference; lastKnownFileType = image.png; path = "Default-568h@2x.png"; sourceTree = "<group>"; };
		DC8527E11752C98700AE1B02 /* 10_of_clubs.png */ = {isa = PBXFileReference; lastKnownFileType = image.png; path = 10_of_clubs.png; sourceTree = "<group>"; };
		DC8527E21752C98700AE1B02 /* 10_of_diamonds.png */ = {isa = PBXFileReference; lastKnownFileType = image.png; path = 10_of_diamonds.png; sourceTree = "<group>"; };
		DC8527E31752C98700AE1B02 /* 10_of_hearts.png */ = {isa = PBXFileReference; lastKnownFileType = image.png; path = 10_of_hearts.png; sourceTree = "<group>"; };
		DC8527E41752C98700AE1B02 /* 10_of_spades.png */ = {isa = PBXFileReference; lastKnownFileType = image.png; path = 10_of_spades.png; sourceTree = "<group>"; };
		DC8527E51752C98700AE1B02 /* 2_of_clubs.png */ = {isa = PBXFileReference; lastKnownFileType = image.png; path = 2_of_clubs.png; sourceTree = "<group>"; };
		DC8527E61752C98700AE1B02 /* 2_of_diamonds.png */ = {isa = PBXFileReference; lastKnownFileType = image.png; path = 2_of_diamonds.png; sourceTree = "<group>"; };
		DC8527E71752C98700AE1B02 /* 2_of_hearts.png */ = {isa = PBXFileReference; lastKnownFileType = image.png; path = 2_of_hearts.png; sourceTree = "<group>"; };
		DC8527E81752C98700AE1B02 /* 2_of_spades.png */ = {isa = PBXFileReference; lastKnownFileType = image.png; path = 2_of_spades.png; sourceTree = "<group>"; };
		DC8527E91752C98700AE1B02 /* 3_of_clubs.png */ = {isa = PBXFileReference; lastKnownFileType = image.png; path = 3_of_clubs.png; sourceTree = "<group>"; };
		DC8527EA1752C98700AE1B02 /* 3_of_diamonds.png */ = {isa = PBXFileReference; lastKnownFileType = image.png; path = 3_of_diamonds.png; sourceTree = "<group>"; };
		DC8527EB1752C98700AE1B02 /* 3_of_hearts.png */ = {isa = PBXFileReference; lastKnownFileType = image.png; path = 3_of_hearts.png; sourceTree = "<group>"; };
		DC8527EC1752C98700AE1B02 /* 3_of_spades.png */ = {isa = PBXFileReference; lastKnownFileType = image.png; path = 3_of_spades.png; sourceTree = "<group>"; };
		DC8527ED1752C98700AE1B02 /* 4_of_clubs.png */ = {isa = PBXFileReference; lastKnownFileType = image.png; path = 4_of_clubs.png; sourceTree = "<group>"; };
		DC8527EE1752C98700AE1B02 /* 4_of_diamonds.png */ = {isa = PBXFileReference; lastKnownFileType = image.png; path = 4_of_diamonds.png; sourceTree = "<group>"; };
		DC8527EF1752C98700AE1B02 /* 4_of_hearts.png */ = {isa = PBXFileReference; lastKnownFileType = image.png; path = 4_of_hearts.png; sourceTree = "<group>"; };
		DC8527F01752C98700AE1B02 /* 4_of_spades.png */ = {isa = PBXFileReference; lastKnownFileType = image.png; path = 4_of_spades.png; sourceTree = "<group>"; };
		DC8527F11752C98700AE1B02 /* 5_of_clubs.png */ = {isa = PBXFileReference; lastKnownFileType = image.png; path = 5_of_clubs.png; sourceTree = "<group>"; };
		DC8527F21752C98700AE1B02 /* 5_of_diamonds.png */ = {isa = PBXFileReference; lastKnownFileType = image.png; path = 5_of_diamonds.png; sourceTree = "<group>"; };
		DC8527F31752C98700AE1B02 /* 5_of_hearts.png */ = {isa = PBXFileReference; lastKnownFileType = image.png; path = 5_of_hearts.png; sourceTree = "<group>"; };
		DC8527F41752C98700AE1B02 /* 5_of_spades.png */ = {isa = PBXFileReference; lastKnownFileType = image.png; path = 5_of_spades.png; sourceTree = "<group>"; };
		DC8527F51752C98700AE1B02 /* 6_of_clubs.png */ = {isa = PBXFileReference; lastKnownFileType = image.png; path = 6_of_clubs.png; sourceTree = "<group>"; };
		DC8527F61752C98700AE1B02 /* 6_of_diamonds.png */ = {isa = PBXFileReference; lastKnownFileType = image.png; path = 6_of_diamonds.png; sourceTree = "<group>"; };
		DC8527F71752C98700AE1B02 /* 6_of_hearts.png */ = {isa = PBXFileReference; lastKnownFileType = image.png; path = 6_of_hearts.png; sourceTree = "<group>"; };
		DC8527F81752C98700AE1B02 /* 6_of_spades.png */ = {isa = PBXFileReference; lastKnownFileType = image.png; path = 6_of_spades.png; sourceTree = "<group>"; };
		DC8527F91752C98700AE1B02 /* 7_of_clubs.png */ = {isa = PBXFileReference; lastKnownFileType = image.png; path = 7_of_clubs.png; sourceTree = "<group>"; };
		DC8527FA1752C98700AE1B02 /* 7_of_diamonds.png */ = {isa = PBXFileReference; lastKnownFileType = image.png; path = 7_of_diamonds.png; sourceTree = "<group>"; };
		DC8527FB1752C98700AE1B02 /* 7_of_hearts.png */ = {isa = PBXFileReference; lastKnownFileType = image.png; path = 7_of_hearts.png; sourceTree = "<group>"; };
		DC8527FC1752C98700AE1B02 /* 7_of_spades.png */ = {isa = PBXFileReference; lastKnownFileType = image.png; path = 7_of_spades.png; sourceTree = "<group>"; };
		DC8527FD1752C98700AE1B02 /* 8_of_clubs.png */ = {isa = PBXFileReference; lastKnownFileType = image.png; path = 8_of_clubs.png; sourceTree = "<group>"; };
		DC8527FE1752C98700AE1B02 /* 8_of_diamonds.png */ = {isa = PBXFileReference; lastKnownFileType = image.png; path = 8_of_diamonds.png; sourceTree = "<group>"; };
		DC8527FF1752C98700AE1B02 /* 8_of_hearts.png */ = {isa = PBXFileReference; lastKnownFileType = image.png; path = 8_of_hearts.png; sourceTree = "<group>"; };
		DC8528001752C98700AE1B02 /* 8_of_spades.png */ = {isa = PBXFileReference; lastKnownFileType = image.png; path = 8_of_spades.png; sourceTree = "<group>"; };
		DC8528011752C98700AE1B02 /* 9_of_clubs.png */ = {isa = PBXFileReference; lastKnownFileType = image.png; path = 9_of_clubs.png; sourceTree = "<group>"; };
		DC8528021752C98700AE1B02 /* 9_of_diamonds.png */ = {isa = PBXFileReference; lastKnownFileType = image.png; path = 9_of_diamonds.png; sourceTree = "<group>"; };
		DC8528031752C98700AE1B02 /* 9_of_hearts.png */ = {isa = PBXFileReference; lastKnownFileType = image.png; path = 9_of_hearts.png; sourceTree = "<group>"; };
		DC8528041752C98700AE1B02 /* 9_of_spades.png */ = {isa = PBXFileReference; lastKnownFileType = image.png; path = 9_of_spades.png; sourceTree = "<group>"; };
		DC8528051752C98700AE1B02 /* ace_of_clubs.png */ = {isa = PBXFileReference; lastKnownFileType = image.png; path = ace_of_clubs.png; sourceTree = "<group>"; };
		DC8528061752C98700AE1B02 /* ace_of_diamonds.png */ = {isa = PBXFileReference; lastKnownFileType = image.png; path = ace_of_diamonds.png; sourceTree = "<group>"; };
		DC8528071752C98700AE1B02 /* ace_of_hearts.png */ = {isa = PBXFileReference; lastKnownFileType = image.png; path = ace_of_hearts.png; sourceTree = "<group>"; };
		DC8528081752C98700AE1B02 /* ace_of_spades.png */ = {isa = PBXFileReference; lastKnownFileType = image.png; path = ace_of_spades.png; sourceTree = "<group>"; };
		DC8528091752C98700AE1B02 /* jack_of_clubs.png */ = {isa = PBXFileReference; lastKnownFileType = image.png; path = jack_of_clubs.png; sourceTree = "<group>"; };
		DC85280A1752C98700AE1B02 /* jack_of_diamonds.png */ = {isa = PBXFileReference; lastKnownFileType = image.png; path = jack_of_diamonds.png; sourceTree = "<group>"; };
		DC85280B1752C98700AE1B02 /* jack_of_hearts.png */ = {isa = PBXFileReference; lastKnownFileType = image.png; path = jack_of_hearts.png; sourceTree = "<group>"; };
		DC85280C1752C98700AE1B02 /* jack_of_spades.png */ = {isa = PBXFileReference; lastKnownFileType = image.png; path = jack_of_spades.png; sourceTree = "<group>"; };
		DC85280D1752C98700AE1B02 /* king_of_clubs.png */ = {isa = PBXFileReference; lastKnownFileType = image.png; path = king_of_clubs.png; sourceTree = "<group>"; };
		DC85280E1752C98700AE1B02 /* king_of_diamonds.png */ = {isa = PBXFileReference; lastKnownFileType = image.png; path = king_of_diamonds.png; sourceTree = "<group>"; };
		DC85280F1752C98700AE1B02 /* king_of_hearts.png */ = {isa = PBXFileReference; lastKnownFileType = image.png; path = king_of_hearts.png; sourceTree = "<group>"; };
		DC8528101752C98700AE1B02 /* king_of_spades.png */ = {isa = PBXFileReference; lastKnownFileType = image.png; path = king_of_spades.png; sourceTree = "<group>"; };
		DC8528111752C98700AE1B02 /* queen_of_clubs.png */ = {isa = PBXFileReference; lastKnownFileType = image.png; path = queen_of_clubs.png; sourceTree = "<group>"; };
		DC8528121752C98700AE1B02 /* queen_of_diamonds.png */ = {isa = PBXFileReference; lastKnownFileType = image.png; path = queen_of_diamonds.png; sourceTree = "<group>"; };
		DC8528131752C98700AE1B02 /* queen_of_hearts.png */ = {isa = PBXFileReference; lastKnownFileType = image.png; path = queen_of_hearts.png; sourceTree = "<group>"; };
		DC8528141752C98700AE1B02 /* queen_of_spades.png */ = {isa = PBXFileReference; lastKnownFileType = image.png; path = queen_of_spades.png; sourceTree = "<group>"; };
/* End PBXFileReference section */

/* Begin PBXFrameworksBuildPhase section */
		66ED175B16D6F3E1005BEC93 /* Frameworks */ = {
			isa = PBXFrameworksBuildPhase;
			buildActionMask = 2147483647;
			files = (
				669024D116E889BE009C4B19 /* QuartzCore.framework in Frameworks */,
				66ED176216D6F3E2005BEC93 /* UIKit.framework in Frameworks */,
				66ED176416D6F3E2005BEC93 /* Foundation.framework in Frameworks */,
				66ED176616D6F3E2005BEC93 /* CoreGraphics.framework in Frameworks */,
			);
			runOnlyForDeploymentPostprocessing = 0;
		};
		66ED178016D6F3E3005BEC93 /* Frameworks */ = {
			isa = PBXFrameworksBuildPhase;
			buildActionMask = 2147483647;
			files = (
				66ED178616D6F3E3005BEC93 /* SenTestingKit.framework in Frameworks */,
				66ED178716D6F3E3005BEC93 /* UIKit.framework in Frameworks */,
				66ED178816D6F3E3005BEC93 /* Foundation.framework in Frameworks */,
			);
			runOnlyForDeploymentPostprocessing = 0;
		};
/* End PBXFrameworksBuildPhase section */

/* Begin PBXGroup section */
		66ED175516D6F3E1005BEC93 = {
			isa = PBXGroup;
			children = (
				66ED176716D6F3E2005BEC93 /* svtest */,
				66ED178B16D6F3E3005BEC93 /* svtestTests */,
				66ED176016D6F3E1005BEC93 /* Frameworks */,
				66ED175F16D6F3E1005BEC93 /* Products */,
			);
			sourceTree = "<group>";
		};
		66ED175F16D6F3E1005BEC93 /* Products */ = {
			isa = PBXGroup;
			children = (
				66ED175E16D6F3E1005BEC93 /* Rapid Count.app */,
				66ED178416D6F3E3005BEC93 /* svtestTests.octest */,
			);
			name = Products;
			sourceTree = "<group>";
		};
		66ED176016D6F3E1005BEC93 /* Frameworks */ = {
			isa = PBXGroup;
			children = (
				669024D016E889BE009C4B19 /* QuartzCore.framework */,
				66ED176116D6F3E2005BEC93 /* UIKit.framework */,
				66ED176316D6F3E2005BEC93 /* Foundation.framework */,
				66ED176516D6F3E2005BEC93 /* CoreGraphics.framework */,
				66ED178516D6F3E3005BEC93 /* SenTestingKit.framework */,
			);
			name = Frameworks;
			sourceTree = "<group>";
		};
		66ED176716D6F3E2005BEC93 /* svtest */ = {
			isa = PBXGroup;
			children = (
				66ED177916D6F3E2005BEC93 /* MainStoryboard.storyboard */,
				66ED177C16D6F3E2005BEC93 /* PlayScreen.h */,
				66ED177D16D6F3E2005BEC93 /* PlayScreen.m */,
				660A3DB316E72D3500469EE8 /* SettingsScreen.h */,
				660A3DB416E72D3500469EE8 /* SettingsScreen.m */,
				660A3DB016E724ED00469EE8 /* InfoScreen.h */,
				660A3DB116E724ED00469EE8 /* InfoScreen.m */,
				66ED176816D6F3E2005BEC93 /* Supporting Files */,
			);
			path = svtest;
			sourceTree = "<group>";
		};
		66ED176816D6F3E2005BEC93 /* Supporting Files */ = {
			isa = PBXGroup;
			children = (
				DC8527E01752C98700AE1B02 /* PNG-cards-1.3 */,
				66ED177016D6F3E2005BEC93 /* AppDelegate.h */,
				66ED177116D6F3E2005BEC93 /* AppDelegate.m */,
				66F4488817434D7800A4EA85 /* tab bar icons */,
				66FF10E416EDB99200D01DBB /* icon57.png */,
				66FF10E216EDB98F00D01DBB /* icon114.png */,
				66E328BB16E9C74500E54B55 /* blackGradient.png */,
				66FF10E016EDB4D700D01DBB /* rapidCountTitle.png */,
				66FF10DE16EDACE800D01DBB /* suitstrans4.png */,
				66E328BF16E9D2D300E54B55 /* table.png */,
				66ED176916D6F3E2005BEC93 /* svtest-Info.plist */,
				66ED176A16D6F3E2005BEC93 /* InfoPlist.strings */,
				66ED176D16D6F3E2005BEC93 /* main.m */,
				66ED176F16D6F3E2005BEC93 /* svtest-Prefix.pch */,
				66FF10E616EDC92D00D01DBB /* Default.png */,
				66FF10EA16EDC95800D01DBB /* Default-568h@2x.png */,
				66FF10E816EDC94400D01DBB /* Default@2x.png */,
			);
			name = "Supporting Files";
			sourceTree = "<group>";
		};
		66ED178B16D6F3E3005BEC93 /* svtestTests */ = {
			isa = PBXGroup;
			children = (
				66ED179116D6F3E3005BEC93 /* svtestTests.h */,
				66ED179216D6F3E3005BEC93 /* svtestTests.m */,
				66ED178C16D6F3E3005BEC93 /* Supporting Files */,
			);
			path = svtestTests;
			sourceTree = "<group>";
		};
		66ED178C16D6F3E3005BEC93 /* Supporting Files */ = {
			isa = PBXGroup;
			children = (
				66ED178D16D6F3E3005BEC93 /* svtestTests-Info.plist */,
				66ED178E16D6F3E3005BEC93 /* InfoPlist.strings */,
			);
			name = "Supporting Files";
			sourceTree = "<group>";
		};
		66F4488817434D7800A4EA85 /* tab bar icons */ = {
			isa = PBXGroup;
			children = (
				66820DD91749A4B10079A33E /* clock.png */,
				66F4488B17434FB700A4EA85 /* info.png */,
				66F4488917434E4200A4EA85 /* poker.png */,
			);
			name = "tab bar icons";
			sourceTree = "<group>";
		};
		DC8527E01752C98700AE1B02 /* PNG-cards-1.3 */ = {
			isa = PBXGroup;
			children = (
				DC8527E11752C98700AE1B02 /* 10_of_clubs.png */,
				DC8527E21752C98700AE1B02 /* 10_of_diamonds.png */,
				DC8527E31752C98700AE1B02 /* 10_of_hearts.png */,
				DC8527E41752C98700AE1B02 /* 10_of_spades.png */,
				DC8527E51752C98700AE1B02 /* 2_of_clubs.png */,
				DC8527E61752C98700AE1B02 /* 2_of_diamonds.png */,
				DC8527E71752C98700AE1B02 /* 2_of_hearts.png */,
				DC8527E81752C98700AE1B02 /* 2_of_spades.png */,
				DC8527E91752C98700AE1B02 /* 3_of_clubs.png */,
				DC8527EA1752C98700AE1B02 /* 3_of_diamonds.png */,
				DC8527EB1752C98700AE1B02 /* 3_of_hearts.png */,
				DC8527EC1752C98700AE1B02 /* 3_of_spades.png */,
				DC8527ED1752C98700AE1B02 /* 4_of_clubs.png */,
				DC8527EE1752C98700AE1B02 /* 4_of_diamonds.png */,
				DC8527EF1752C98700AE1B02 /* 4_of_hearts.png */,
				DC8527F01752C98700AE1B02 /* 4_of_spades.png */,
				DC8527F11752C98700AE1B02 /* 5_of_clubs.png */,
				DC8527F21752C98700AE1B02 /* 5_of_diamonds.png */,
				DC8527F31752C98700AE1B02 /* 5_of_hearts.png */,
				DC8527F41752C98700AE1B02 /* 5_of_spades.png */,
				DC8527F51752C98700AE1B02 /* 6_of_clubs.png */,
				DC8527F61752C98700AE1B02 /* 6_of_diamonds.png */,
				DC8527F71752C98700AE1B02 /* 6_of_hearts.png */,
				DC8527F81752C98700AE1B02 /* 6_of_spades.png */,
				DC8527F91752C98700AE1B02 /* 7_of_clubs.png */,
				DC8527FA1752C98700AE1B02 /* 7_of_diamonds.png */,
				DC8527FB1752C98700AE1B02 /* 7_of_hearts.png */,
				DC8527FC1752C98700AE1B02 /* 7_of_spades.png */,
				DC8527FD1752C98700AE1B02 /* 8_of_clubs.png */,
				DC8527FE1752C98700AE1B02 /* 8_of_diamonds.png */,
				DC8527FF1752C98700AE1B02 /* 8_of_hearts.png */,
				DC8528001752C98700AE1B02 /* 8_of_spades.png */,
				DC8528011752C98700AE1B02 /* 9_of_clubs.png */,
				DC8528021752C98700AE1B02 /* 9_of_diamonds.png */,
				DC8528031752C98700AE1B02 /* 9_of_hearts.png */,
				DC8528041752C98700AE1B02 /* 9_of_spades.png */,
				DC8528051752C98700AE1B02 /* ace_of_clubs.png */,
				DC8528061752C98700AE1B02 /* ace_of_diamonds.png */,
				DC8528071752C98700AE1B02 /* ace_of_hearts.png */,
				DC8528081752C98700AE1B02 /* ace_of_spades.png */,
				DC8528091752C98700AE1B02 /* jack_of_clubs.png */,
				DC85280A1752C98700AE1B02 /* jack_of_diamonds.png */,
				DC85280B1752C98700AE1B02 /* jack_of_hearts.png */,
				DC85280C1752C98700AE1B02 /* jack_of_spades.png */,
				DC85280D1752C98700AE1B02 /* king_of_clubs.png */,
				DC85280E1752C98700AE1B02 /* king_of_diamonds.png */,
				DC85280F1752C98700AE1B02 /* king_of_hearts.png */,
				DC8528101752C98700AE1B02 /* king_of_spades.png */,
				DC8528111752C98700AE1B02 /* queen_of_clubs.png */,
				DC8528121752C98700AE1B02 /* queen_of_diamonds.png */,
				DC8528131752C98700AE1B02 /* queen_of_hearts.png */,
				DC8528141752C98700AE1B02 /* queen_of_spades.png */,
			);
			name = "PNG-cards-1.3";
			path = "../cards/PNG-cards-1.3";
			sourceTree = "<group>";
		};
/* End PBXGroup section */

/* Begin PBXNativeTarget section */
		66ED175D16D6F3E1005BEC93 /* svtest */ = {
			isa = PBXNativeTarget;
			buildConfigurationList = 66ED179616D6F3E3005BEC93 /* Build configuration list for PBXNativeTarget "svtest" */;
			buildPhases = (
				66ED175A16D6F3E1005BEC93 /* Sources */,
				66ED175B16D6F3E1005BEC93 /* Frameworks */,
				66ED175C16D6F3E1005BEC93 /* Resources */,
			);
			buildRules = (
			);
			dependencies = (
			);
			name = svtest;
			productName = svtest;
			productReference = 66ED175E16D6F3E1005BEC93 /* Rapid Count.app */;
			productType = "com.apple.product-type.application";
		};
		66ED178316D6F3E3005BEC93 /* svtestTests */ = {
			isa = PBXNativeTarget;
			buildConfigurationList = 66ED179916D6F3E3005BEC93 /* Build configuration list for PBXNativeTarget "svtestTests" */;
			buildPhases = (
				66ED177F16D6F3E3005BEC93 /* Sources */,
				66ED178016D6F3E3005BEC93 /* Frameworks */,
				66ED178116D6F3E3005BEC93 /* Resources */,
				66ED178216D6F3E3005BEC93 /* ShellScript */,
			);
			buildRules = (
			);
			dependencies = (
				66ED178A16D6F3E3005BEC93 /* PBXTargetDependency */,
			);
			name = svtestTests;
			productName = svtestTests;
			productReference = 66ED178416D6F3E3005BEC93 /* svtestTests.octest */;
			productType = "com.apple.product-type.bundle";
		};
/* End PBXNativeTarget section */

/* Begin PBXProject section */
		66ED175616D6F3E1005BEC93 /* Project object */ = {
			isa = PBXProject;
			attributes = {
				LastUpgradeCheck = 0460;
				ORGANIZATIONNAME = adam;
			};
			buildConfigurationList = 66ED175916D6F3E1005BEC93 /* Build configuration list for PBXProject "svtest" */;
			compatibilityVersion = "Xcode 3.2";
			developmentRegion = English;
			hasScannedForEncodings = 0;
			knownRegions = (
				en,
			);
			mainGroup = 66ED175516D6F3E1005BEC93;
			productRefGroup = 66ED175F16D6F3E1005BEC93 /* Products */;
			projectDirPath = "";
			projectRoot = "";
			targets = (
				66ED175D16D6F3E1005BEC93 /* svtest */,
				66ED178316D6F3E3005BEC93 /* svtestTests */,
			);
		};
/* End PBXProject section */

/* Begin PBXResourcesBuildPhase section */
		66ED175C16D6F3E1005BEC93 /* Resources */ = {
			isa = PBXResourcesBuildPhase;
			buildActionMask = 2147483647;
			files = (
				66ED176C16D6F3E2005BEC93 /* InfoPlist.strings in Resources */,
				66ED177B16D6F3E2005BEC93 /* MainStoryboard.storyboard in Resources */,
				66E328BC16E9C74500E54B55 /* blackGradient.png in Resources */,
				66E328C016E9D2D300E54B55 /* table.png in Resources */,
				66FF10DF16EDACE800D01DBB /* suitstrans4.png in Resources */,
				66FF10E116EDB4D700D01DBB /* rapidCountTitle.png in Resources */,
				66FF10E316EDB98F00D01DBB /* icon114.png in Resources */,
				66FF10E516EDB99200D01DBB /* icon57.png in Resources */,
				66FF10E716EDC92D00D01DBB /* Default.png in Resources */,
				66FF10E916EDC94400D01DBB /* Default@2x.png in Resources */,
				66FF10EB16EDC95800D01DBB /* Default-568h@2x.png in Resources */,
				66F4488A17434E4200A4EA85 /* poker.png in Resources */,
				66F4488C17434FB700A4EA85 /* info.png in Resources */,
				66820DDA1749A4B10079A33E /* clock.png in Resources */,
				DC8528151752C98700AE1B02 /* 10_of_clubs.png in Resources */,
				DC8528161752C98700AE1B02 /* 10_of_diamonds.png in Resources */,
				DC8528171752C98700AE1B02 /* 10_of_hearts.png in Resources */,
				DC8528181752C98700AE1B02 /* 10_of_spades.png in Resources */,
				DC8528191752C98700AE1B02 /* 2_of_clubs.png in Resources */,
				DC85281A1752C98700AE1B02 /* 2_of_diamonds.png in Resources */,
				DC85281B1752C98700AE1B02 /* 2_of_hearts.png in Resources */,
				DC85281C1752C98700AE1B02 /* 2_of_spades.png in Resources */,
				DC85281D1752C98700AE1B02 /* 3_of_clubs.png in Resources */,
				DC85281E1752C98700AE1B02 /* 3_of_diamonds.png in Resources */,
				DC85281F1752C98700AE1B02 /* 3_of_hearts.png in Resources */,
				DC8528201752C98700AE1B02 /* 3_of_spades.png in Resources */,
				DC8528211752C98700AE1B02 /* 4_of_clubs.png in Resources */,
				DC8528221752C98700AE1B02 /* 4_of_diamonds.png in Resources */,
				DC8528231752C98700AE1B02 /* 4_of_hearts.png in Resources */,
				DC8528241752C98700AE1B02 /* 4_of_spades.png in Resources */,
				DC8528251752C98700AE1B02 /* 5_of_clubs.png in Resources */,
				DC8528261752C98700AE1B02 /* 5_of_diamonds.png in Resources */,
				DC8528271752C98700AE1B02 /* 5_of_hearts.png in Resources */,
				DC8528281752C98700AE1B02 /* 5_of_spades.png in Resources */,
				DC8528291752C98700AE1B02 /* 6_of_clubs.png in Resources */,
				DC85282A1752C98700AE1B02 /* 6_of_diamonds.png in Resources */,
				DC85282B1752C98700AE1B02 /* 6_of_hearts.png in Resources */,
				DC85282C1752C98700AE1B02 /* 6_of_spades.png in Resources */,
				DC85282D1752C98700AE1B02 /* 7_of_clubs.png in Resources */,
				DC85282E1752C98700AE1B02 /* 7_of_diamonds.png in Resources */,
				DC85282F1752C98700AE1B02 /* 7_of_hearts.png in Resources */,
				DC8528301752C98700AE1B02 /* 7_of_spades.png in Resources */,
				DC8528311752C98700AE1B02 /* 8_of_clubs.png in Resources */,
				DC8528321752C98700AE1B02 /* 8_of_diamonds.png in Resources */,
				DC8528331752C98700AE1B02 /* 8_of_hearts.png in Resources */,
				DC8528341752C98700AE1B02 /* 8_of_spades.png in Resources */,
				DC8528351752C98700AE1B02 /* 9_of_clubs.png in Resources */,
				DC8528361752C98700AE1B02 /* 9_of_diamonds.png in Resources */,
				DC8528371752C98700AE1B02 /* 9_of_hearts.png in Resources */,
				DC8528381752C98700AE1B02 /* 9_of_spades.png in Resources */,
				DC8528391752C98700AE1B02 /* ace_of_clubs.png in Resources */,
				DC85283A1752C98700AE1B02 /* ace_of_diamonds.png in Resources */,
				DC85283B1752C98700AE1B02 /* ace_of_hearts.png in Resources */,
				DC85283C1752C98700AE1B02 /* ace_of_spades.png in Resources */,
				DC85283D1752C98700AE1B02 /* jack_of_clubs.png in Resources */,
				DC85283E1752C98700AE1B02 /* jack_of_diamonds.png in Resources */,
				DC85283F1752C98700AE1B02 /* jack_of_hearts.png in Resources */,
				DC8528401752C98700AE1B02 /* jack_of_spades.png in Resources */,
				DC8528411752C98700AE1B02 /* king_of_clubs.png in Resources */,
				DC8528421752C98700AE1B02 /* king_of_diamonds.png in Resources */,
				DC8528431752C98700AE1B02 /* king_of_hearts.png in Resources */,
				DC8528441752C98700AE1B02 /* king_of_spades.png in Resources */,
				DC8528451752C98700AE1B02 /* queen_of_clubs.png in Resources */,
				DC8528461752C98700AE1B02 /* queen_of_diamonds.png in Resources */,
				DC8528471752C98700AE1B02 /* queen_of_hearts.png in Resources */,
				DC8528481752C98700AE1B02 /* queen_of_spades.png in Resources */,
			);
			runOnlyForDeploymentPostprocessing = 0;
		};
		66ED178116D6F3E3005BEC93 /* Resources */ = {
			isa = PBXResourcesBuildPhase;
			buildActionMask = 2147483647;
			files = (
				66ED179016D6F3E3005BEC93 /* InfoPlist.strings in Resources */,
			);
			runOnlyForDeploymentPostprocessing = 0;
		};
/* End PBXResourcesBuildPhase section */

/* Begin PBXShellScriptBuildPhase section */
		66ED178216D6F3E3005BEC93 /* ShellScript */ = {
			isa = PBXShellScriptBuildPhase;
			buildActionMask = 2147483647;
			files = (
			);
			inputPaths = (
			);
			outputPaths = (
			);
			runOnlyForDeploymentPostprocessing = 0;
			shellPath = /bin/sh;
			shellScript = "# Run the unit tests in this test bundle.\n\"${SYSTEM_DEVELOPER_DIR}/Tools/RunUnitTests\"\n";
		};
/* End PBXShellScriptBuildPhase section */

/* Begin PBXSourcesBuildPhase section */
		66ED175A16D6F3E1005BEC93 /* Sources */ = {
			isa = PBXSourcesBuildPhase;
			buildActionMask = 2147483647;
			files = (
				66ED176E16D6F3E2005BEC93 /* main.m in Sources */,
				66ED177216D6F3E2005BEC93 /* AppDelegate.m in Sources */,
				66ED177E16D6F3E2005BEC93 /* PlayScreen.m in Sources */,
				660A3DB216E724ED00469EE8 /* InfoScreen.m in Sources */,
				660A3DB516E72D3500469EE8 /* SettingsScreen.m in Sources */,
			);
			runOnlyForDeploymentPostprocessing = 0;
		};
		66ED177F16D6F3E3005BEC93 /* Sources */ = {
			isa = PBXSourcesBuildPhase;
			buildActionMask = 2147483647;
			files = (
				66ED179316D6F3E3005BEC93 /* svtestTests.m in Sources */,
			);
			runOnlyForDeploymentPostprocessing = 0;
		};
/* End PBXSourcesBuildPhase section */

/* Begin PBXTargetDependency section */
		66ED178A16D6F3E3005BEC93 /* PBXTargetDependency */ = {
			isa = PBXTargetDependency;
			target = 66ED175D16D6F3E1005BEC93 /* svtest */;
			targetProxy = 66ED178916D6F3E3005BEC93 /* PBXContainerItemProxy */;
		};
/* End PBXTargetDependency section */

/* Begin PBXVariantGroup section */
		66ED176A16D6F3E2005BEC93 /* InfoPlist.strings */ = {
			isa = PBXVariantGroup;
			children = (
				66ED176B16D6F3E2005BEC93 /* en */,
			);
			name = InfoPlist.strings;
			sourceTree = "<group>";
		};
		66ED177916D6F3E2005BEC93 /* MainStoryboard.storyboard */ = {
			isa = PBXVariantGroup;
			children = (
				66ED177A16D6F3E2005BEC93 /* en */,
			);
			name = MainStoryboard.storyboard;
			sourceTree = "<group>";
		};
		66ED178E16D6F3E3005BEC93 /* InfoPlist.strings */ = {
			isa = PBXVariantGroup;
			children = (
				66ED178F16D6F3E3005BEC93 /* en */,
			);
			name = InfoPlist.strings;
			sourceTree = "<group>";
		};
/* End PBXVariantGroup section */

/* Begin XCBuildConfiguration section */
		66ED179416D6F3E3005BEC93 /* Debug */ = {
			isa = XCBuildConfiguration;
			buildSettings = {
				ALWAYS_SEARCH_USER_PATHS = NO;
				CLANG_CXX_LANGUAGE_STANDARD = "gnu++0x";
				CLANG_CXX_LIBRARY = "libc++";
				CLANG_ENABLE_OBJC_ARC = YES;
				CLANG_WARN_CONSTANT_CONVERSION = YES;
				CLANG_WARN_EMPTY_BODY = YES;
				CLANG_WARN_ENUM_CONVERSION = YES;
				CLANG_WARN_INT_CONVERSION = YES;
				CLANG_WARN__DUPLICATE_METHOD_MATCH = YES;
				CODE_SIGN_IDENTITY = "iPhone Distribution";
				"CODE_SIGN_IDENTITY[sdk=iphoneos*]" = "iPhone Distribution";
				COPY_PHASE_STRIP = NO;
				GCC_C_LANGUAGE_STANDARD = gnu99;
				GCC_DYNAMIC_NO_PIC = NO;
				GCC_OPTIMIZATION_LEVEL = 0;
				GCC_PREPROCESSOR_DEFINITIONS = (
					"DEBUG=1",
					"$(inherited)",
				);
				GCC_SYMBOLS_PRIVATE_EXTERN = NO;
				GCC_WARN_ABOUT_RETURN_TYPE = YES;
				GCC_WARN_UNINITIALIZED_AUTOS = YES;
				GCC_WARN_UNUSED_VARIABLE = YES;
				IPHONEOS_DEPLOYMENT_TARGET = 6.1;
				ONLY_ACTIVE_ARCH = NO;
				PRODUCT_NAME = "Rapid Count";
				PROVISIONING_PROFILE = "";
				"PROVISIONING_PROFILE[sdk=iphoneos*]" = "";
				SDKROOT = iphoneos;
			};
			name = Debug;
		};
		66ED179516D6F3E3005BEC93 /* Release */ = {
			isa = XCBuildConfiguration;
			buildSettings = {
				ALWAYS_SEARCH_USER_PATHS = NO;
				CLANG_CXX_LANGUAGE_STANDARD = "gnu++0x";
				CLANG_CXX_LIBRARY = "libc++";
				CLANG_ENABLE_OBJC_ARC = YES;
				CLANG_WARN_CONSTANT_CONVERSION = YES;
				CLANG_WARN_EMPTY_BODY = YES;
				CLANG_WARN_ENUM_CONVERSION = YES;
				CLANG_WARN_INT_CONVERSION = YES;
				CLANG_WARN__DUPLICATE_METHOD_MATCH = YES;
				CODE_SIGN_IDENTITY = "iPhone Distribution";
				"CODE_SIGN_IDENTITY[sdk=iphoneos*]" = "iPhone Distribution";
				COPY_PHASE_STRIP = YES;
				GCC_C_LANGUAGE_STANDARD = gnu99;
				GCC_WARN_ABOUT_RETURN_TYPE = YES;
				GCC_WARN_UNINITIALIZED_AUTOS = YES;
				GCC_WARN_UNUSED_VARIABLE = YES;
				IPHONEOS_DEPLOYMENT_TARGET = 6.1;
				ONLY_ACTIVE_ARCH = YES;
				OTHER_CFLAGS = "-DNS_BLOCK_ASSERTIONS=1";
				PRODUCT_NAME = "Rapid Count";
				PROVISIONING_PROFILE = "";
				"PROVISIONING_PROFILE[sdk=iphoneos*]" = "";
				SDKROOT = iphoneos;
				VALIDATE_PRODUCT = YES;
			};
			name = Release;
		};
		66ED179716D6F3E3005BEC93 /* Debug */ = {
			isa = XCBuildConfiguration;
			buildSettings = {
				GCC_PRECOMPILE_PREFIX_HEADER = YES;
				GCC_PREFIX_HEADER = "svtest/svtest-Prefix.pch";
				INFOPLIST_FILE = "svtest/svtest-Info.plist";
				IPHONEOS_DEPLOYMENT_TARGET = 6.1;
				PRODUCT_NAME = "Rapid Count";
				WRAPPER_EXTENSION = app;
			};
			name = Debug;
		};
		66ED179816D6F3E3005BEC93 /* Release */ = {
			isa = XCBuildConfiguration;
			buildSettings = {
				GCC_PRECOMPILE_PREFIX_HEADER = YES;
				GCC_PREFIX_HEADER = "svtest/svtest-Prefix.pch";
				INFOPLIST_FILE = "svtest/svtest-Info.plist";
				IPHONEOS_DEPLOYMENT_TARGET = 6.1;
				PRODUCT_NAME = "Rapid Count";
				WRAPPER_EXTENSION = app;
			};
			name = Release;
		};
		66ED179A16D6F3E3005BEC93 /* Debug */ = {
			isa = XCBuildConfiguration;
			buildSettings = {
				BUNDLE_LOADER = "$(BUILT_PRODUCTS_DIR)/svtest.app/svtest";
				FRAMEWORK_SEARCH_PATHS = (
					"\"$(SDKROOT)/Developer/Library/Frameworks\"",
					"\"$(DEVELOPER_LIBRARY_DIR)/Frameworks\"",
				);
				GCC_PRECOMPILE_PREFIX_HEADER = YES;
				GCC_PREFIX_HEADER = "svtest/svtest-Prefix.pch";
				INFOPLIST_FILE = "svtestTests/svtestTests-Info.plist";
				PRODUCT_NAME = "$(TARGET_NAME)";
				TEST_HOST = "$(BUNDLE_LOADER)";
				WRAPPER_EXTENSION = octest;
			};
			name = Debug;
		};
		66ED179B16D6F3E3005BEC93 /* Release */ = {
			isa = XCBuildConfiguration;
			buildSettings = {
				BUNDLE_LOADER = "$(BUILT_PRODUCTS_DIR)/svtest.app/svtest";
				FRAMEWORK_SEARCH_PATHS = (
					"\"$(SDKROOT)/Developer/Library/Frameworks\"",
					"\"$(DEVELOPER_LIBRARY_DIR)/Frameworks\"",
				);
				GCC_PRECOMPILE_PREFIX_HEADER = YES;
				GCC_PREFIX_HEADER = "svtest/svtest-Prefix.pch";
				INFOPLIST_FILE = "svtestTests/svtestTests-Info.plist";
				PRODUCT_NAME = "$(TARGET_NAME)";
				TEST_HOST = "$(BUNDLE_LOADER)";
				WRAPPER_EXTENSION = octest;
			};
			name = Release;
		};
		66F985D716EDDCF4003CEDB5 /* Distribution */ = {
			isa = XCBuildConfiguration;
			buildSettings = {
				ALWAYS_SEARCH_USER_PATHS = NO;
				CLANG_CXX_LANGUAGE_STANDARD = "gnu++0x";
				CLANG_CXX_LIBRARY = "libc++";
				CLANG_ENABLE_OBJC_ARC = YES;
				CLANG_WARN_CONSTANT_CONVERSION = YES;
				CLANG_WARN_EMPTY_BODY = YES;
				CLANG_WARN_ENUM_CONVERSION = YES;
				CLANG_WARN_INT_CONVERSION = YES;
				CLANG_WARN__DUPLICATE_METHOD_MATCH = YES;
				CODE_SIGN_IDENTITY = "iPhone Distribution";
				"CODE_SIGN_IDENTITY[sdk=iphoneos*]" = "iPhone Distribution";
				COPY_PHASE_STRIP = YES;
				GCC_C_LANGUAGE_STANDARD = gnu99;
				GCC_WARN_ABOUT_RETURN_TYPE = YES;
				GCC_WARN_UNINITIALIZED_AUTOS = YES;
				GCC_WARN_UNUSED_VARIABLE = YES;
				IPHONEOS_DEPLOYMENT_TARGET = 6.1;
				ONLY_ACTIVE_ARCH = YES;
				OTHER_CFLAGS = "-DNS_BLOCK_ASSERTIONS=1";
				PRODUCT_NAME = "Rapid Count";
				PROVISIONING_PROFILE = "";
				"PROVISIONING_PROFILE[sdk=iphoneos*]" = "";
				SDKROOT = iphoneos;
				VALIDATE_PRODUCT = YES;
			};
			name = Distribution;
		};
		66F985D816EDDCF4003CEDB5 /* Distribution */ = {
			isa = XCBuildConfiguration;
			buildSettings = {
				GCC_PRECOMPILE_PREFIX_HEADER = YES;
				GCC_PREFIX_HEADER = "svtest/svtest-Prefix.pch";
				INFOPLIST_FILE = "svtest/svtest-Info.plist";
				IPHONEOS_DEPLOYMENT_TARGET = 6.1;
				PRODUCT_NAME = "Rapid Count";
				WRAPPER_EXTENSION = app;
			};
			name = Distribution;
		};
		66F985D916EDDCF4003CEDB5 /* Distribution */ = {
			isa = XCBuildConfiguration;
			buildSettings = {
				BUNDLE_LOADER = "$(BUILT_PRODUCTS_DIR)/svtest.app/svtest";
				FRAMEWORK_SEARCH_PATHS = (
					"\"$(SDKROOT)/Developer/Library/Frameworks\"",
					"\"$(DEVELOPER_LIBRARY_DIR)/Frameworks\"",
				);
				GCC_PRECOMPILE_PREFIX_HEADER = YES;
				GCC_PREFIX_HEADER = "svtest/svtest-Prefix.pch";
				INFOPLIST_FILE = "svtestTests/svtestTests-Info.plist";
				PRODUCT_NAME = "$(TARGET_NAME)";
				TEST_HOST = "$(BUNDLE_LOADER)";
				WRAPPER_EXTENSION = octest;
			};
			name = Distribution;
		};
/* End XCBuildConfiguration section */

/* Begin XCConfigurationList section */
		66ED175916D6F3E1005BEC93 /* Build configuration list for PBXProject "svtest" */ = {
			isa = XCConfigurationList;
			buildConfigurations = (
				66ED179416D6F3E3005BEC93 /* Debug */,
				66ED179516D6F3E3005BEC93 /* Release */,
				66F985D716EDDCF4003CEDB5 /* Distribution */,
			);
			defaultConfigurationIsVisible = 0;
			defaultConfigurationName = Distribution;
		};
		66ED179616D6F3E3005BEC93 /* Build configuration list for PBXNativeTarget "svtest" */ = {
			isa = XCConfigurationList;
			buildConfigurations = (
				66ED179716D6F3E3005BEC93 /* Debug */,
				66ED179816D6F3E3005BEC93 /* Release */,
				66F985D816EDDCF4003CEDB5 /* Distribution */,
			);
			defaultConfigurationIsVisible = 0;
			defaultConfigurationName = Distribution;
		};
		66ED179916D6F3E3005BEC93 /* Build configuration list for PBXNativeTarget "svtestTests" */ = {
			isa = XCConfigurationList;
			buildConfigurations = (
				66ED179A16D6F3E3005BEC93 /* Debug */,
				66ED179B16D6F3E3005BEC93 /* Release */,
				66F985D916EDDCF4003CEDB5 /* Distribution */,
			);
			defaultConfigurationIsVisible = 0;
			defaultConfigurationName = Distribution;
		};
/* End XCConfigurationList section */
	};
	rootObject = 66ED175616D6F3E1005BEC93 /* Project object */;
}
